[[package]]
name = "asyncio"
version = "3.4.3"
description = "reference implementation of PEP 3156"
category = "main"
optional = false
python-versions = "*"

[[package]]
name = "asyncpio"
version = "0.0.1"
description = "Python module for asynchronous access to the pigpio daemon"
category = "main"
optional = false
python-versions = ">=3.5"
develop = false

[package.source]
type = "git"
url = "https://github.com/noddy99/asyncpio.git"
reference = "master"
resolved_reference = "45ab9cb9f74969302c1dfa369f86a5f9f70dbb32"

[metadata]
lock-version = "1.1"
python-versions = "^3.8"
content-hash = "868c13aab48e1ec28ef606843691126a09f1e2ab3d7f50adf8f295194f60d5e5"

[metadata.files]
asyncio = [
    {file = "asyncio-3.4.3-cp33-none-win32.whl", hash = "sha256:b62c9157d36187eca799c378e572c969f0da87cd5fc42ca372d92cdb06e7e1de"},
    {file = "asyncio-3.4.3-cp33-none-win_amd64.whl", hash = "sha256:c46a87b48213d7464f22d9a497b9eef8c1928b68320a2fa94240f969f6fec08c"},
    {file = "asyncio-3.4.3-py3-none-any.whl", hash = "sha256:c4d18b22701821de07bd6aea8b53d21449ec0ec5680645e5317062ea21817d2d"},
    {file = "asyncio-3.4.3.tar.gz", hash = "sha256:83360ff8bc97980e4ff25c964c7bd3923d333d177aa4f7fb736b019f26c7cb41"},
]
asyncpio = []
